# Code generated by scarb DO NOT EDIT.
version = 1

[[package]]
name = "snforge_scarb_plugin"
version = "0.35.2"
source = "registry+https://scarbs.xyz/"
checksum = "sha256:bde509e04944f89f58ab871925cb29a05e9cb9c9c0d8cdad38a85b8fa674dd0a"

[[package]]
name = "snforge_std"
version = "0.35.2"
source = "registry+https://scarbs.xyz/"
checksum = "sha256:92357194caa1d454c5f4910598d554ba5296d713517420a074fb4d3ccc7ee123"
dependencies = [
 "snforge_scarb_plugin",
]

[[package]]
name = "starknake"
version = "0.1.0"
dependencies = [
 "snforge_std",
]
